
Microsoft Visual Studio Solution File, Format Version 12.00
# Visual Studio Version 16
VisualStudioVersion = 16.0.31729.503
MinimumVisualStudioVersion = 10.0.40219.1
Project("{FAE04EC0-301F-11D3-BF4B-00C04F79EFBC}") = "CMYKMatrixTheory", "CMYKMatrixTheory\CMYKMatrixTheory.csproj", "{C17D16A6-6C16-4B6E-8C93-72C3EC2AE138}"
EndProject
Project("{9A19103F-16F7-4668-BE54-9A1E7A4F7556}") = "CMYKMatrix", "..\CMYKMatrix\CMYKMatrix\CMYKMatrix.csproj", "{5E6BFEAE-A2BC-420C-9FB7-69729EE024E5}"
EndProject
Project("{FAE04EC0-301F-11D3-BF4B-00C04F79EFBC}") = "WPFImageGen", "WPFImageGen\WPFImageGen.csproj", "{56D7D9BE-B75C-4F99-94DA-A7D444C7A451}"
EndProject
Global
	GlobalSection(SolutionConfigurationPlatforms) = preSolution
		Debug|Any CPU = Debug|Any CPU
		Release|Any CPU = Release|Any CPU
	EndGlobalSection
	GlobalSection(ProjectConfigurationPlatforms) = postSolution
		{C17D16A6-6C16-4B6E-8C93-72C3EC2AE138}.Debug|Any CPU.ActiveCfg = Debug|Any CPU
		{C17D16A6-6C16-4B6E-8C93-72C3EC2AE138}.Debug|Any CPU.Build.0 = Debug|Any CPU
		{C17D16A6-6C16-4B6E-8C93-72C3EC2AE138}.Release|Any CPU.ActiveCfg = Release|Any CPU
		{C17D16A6-6C16-4B6E-8C93-72C3EC2AE138}.Release|Any CPU.Build.0 = Release|Any CPU
		{5E6BFEAE-A2BC-420C-9FB7-69729EE024E5}.Debug|Any CPU.ActiveCfg = Debug|Any CPU
		{5E6BFEAE-A2BC-420C-9FB7-69729EE024E5}.Debug|Any CPU.Build.0 = Debug|Any CPU
		{5E6BFEAE-A2BC-420C-9FB7-69729EE024E5}.Release|Any CPU.ActiveCfg = Release|Any CPU
		{5E6BFEAE-A2BC-420C-9FB7-69729EE024E5}.Release|Any CPU.Build.0 = Release|Any CPU
		{56D7D9BE-B75C-4F99-94DA-A7D444C7A451}.Debug|Any CPU.ActiveCfg = Debug|Any CPU
		{56D7D9BE-B75C-4F99-94DA-A7D444C7A451}.Debug|Any CPU.Build.0 = Debug|Any CPU
		{56D7D9BE-B75C-4F99-94DA-A7D444C7A451}.Release|Any CPU.ActiveCfg = Release|Any CPU
		{56D7D9BE-B75C-4F99-94DA-A7D444C7A451}.Release|Any CPU.Build.0 = Release|Any CPU
	EndGlobalSection
	GlobalSection(SolutionProperties) = preSolution
		HideSolutionNode = FALSE
	EndGlobalSection
	GlobalSection(ExtensibilityGlobals) = postSolution
		SolutionGuid = {5ED3C89F-947C-4713-9035-A86559608081}
	EndGlobalSection
EndGlobal
